dependencies:
- name: cf-react-app-docker
  repository: https://cfdevregistry.azurecr.io/helm/v1/repo
  version: 1.2.30-dev
- name: cf-self-healing-app-docker
  repository: https://cfdevregistry.azurecr.io/helm/v1/repo
  version: 1.2.1-dev
- name: cf-http-https-echo
  repository: https://cfdevregistry.azurecr.io/helm/v1/repo
  version: 1.0.13-dev
- name: cf-atrius-objects-api-docker
  repository: https://cfdevregistry.azurecr.io/helm/v1/repo
  version: 1.4.21-dev
- name: cf-atrius-objects-api-docker
  repository: https://cfdevregistry.azurecr.io/helm/v1/repo
  version: 1.4.21-dev
- name: cf-authz-web-api-docker
  repository: https://cfdevregistry.azurecr.io/helm/v1/repo
  version: 1.2.17-dev
- name: cf-elm-web-api-docker
  repository: https://cfdevregistry.azurecr.io/helm/v1/repo
  version: 2.1.8-dev
- name: cf-network-view-web-api-docker
  repository: https://cfdevregistry.azurecr.io/helm/v1/repo
  version: 1.0.34-dev
- name: cf-network-view-web-api-docker
  repository: https://cfdevregistry.azurecr.io/helm/v1/repo
  version: 1.0.34-dev
- name: cf-oauth-proxy-docker
  repository: https://cfdevregistry.azurecr.io/helm/v1/repo
  version: 1.2.1-dev
- name: cf-self-healing-api-docker
  repository: https://cfdevregistry.azurecr.io/helm/v1/repo
  version: 1.1.10-dev
- name: cf-self-healing-api-docker
  repository: https://cfdevregistry.azurecr.io/helm/v1/repo
  version: 1.1.10-dev
- name: nginx-ingress
  repository: https://kubernetes-charts.storage.googleapis.com
  version: 1.41.2
- name: mssql-linux
  repository: https://kubernetes-charts.storage.googleapis.com
  version: 0.11.1
- name: mssql-linux
  repository: https://kubernetes-charts.storage.googleapis.com
  version: 0.11.1
- name: cf-sql-server
  repository: file://../cf-sql-server
  version: 1.0.0-dev
- name: cf-sql-server
  repository: file://../cf-sql-server
  version: 1.0.0-dev
- name: cf-smoketest-svc-docker
  repository: https://cfdevregistry.azurecr.io/helm/v1/repo
  version: 1.2.0-dev
- name: cf-tls-certificate-manager-svc-docker
  repository: https://cfdevregistry.azurecr.io/helm/v1/repo
  version: 1.1.1-dev
- name: cf-assets-v2-telemetry-tracking-svc-docker
  repository: https://cfdevregistry.azurecr.io/helm/v1/repo
  version: 1.0.0-dev
- name: cf-assets-v2-telemetry-forwarding-svc-docker
  repository: https://cfdevregistry.azurecr.io/helm/v1/repo
  version: 1.0.1-dev
- name: cf-coordinate-transforms-svc-docker
  repository: https://cfdevregistry.azurecr.io/helm/v1/repo
  version: 0.0.6-dev
- name: cf-city-state-zip-svc-docker
  repository: https://cfdevregistry.azurecr.io/helm/v1/repo
  version: 1.0.5-dev
- name: cf-assets-inventory-api-docker
  repository: https://cfdevregistry.azurecr.io/helm/v1/repo
  version: 0.0.9-dev
- name: cf-assets-inventory-api-docker
  repository: https://cfdevregistry.azurecr.io/helm/v1/repo
  version: 0.0.9-dev
- name: cf-ecy-ingest-svc-docker
  repository: https://cfdevregistry.azurecr.io/helm/v1/repo
  version: 1.0.13-dev
- name: cf-audit-log-svc-docker
  repository: https://cfdevregistry.azurecr.io/helm/v1/repo
  version: 1.0.0-dev
- name: prometheus-operator
  repository: https://kubernetes-charts.storage.googleapis.com
  version: 9.3.1
digest: sha256:99ea6b8de2ae16fb8d1a962a5b84d9b6ab05412cf0e6ae40938d38aae6d541a5
generated: "2020-08-28T16:16:11.403420289Z"
