dependencies:
- name: cf-react-app-docker
  repository: https://cfdevregistry.azurecr.io/helm/v1/repo
  version: 1.2.7-dev
- name: cf-self-healing-app-docker
  repository: https://cfdevregistry.azurecr.io/helm/v1/repo
  version: 1.2.0-dev
- name: cf-http-https-echo
  repository: https://cfdevregistry.azurecr.io/helm/v1/repo
  version: 1.0.13-dev
- name: cf-atrius-objects-api-docker
  repository: https://cfdevregistry.azurecr.io/helm/v1/repo
  version: 1.4.21-dev
- name: cf-atrius-objects-api-docker
  repository: https://cfdevregistry.azurecr.io/helm/v1/repo
  version: 1.4.21-dev
- name: cf-authz-web-api-docker
  repository: https://cfdevregistry.azurecr.io/helm/v1/repo
  version: 1.2.11-dev
- name: cf-elm-web-api-docker
  repository: https://cfdevregistry.azurecr.io/helm/v1/repo
  version: 2.0.50-dev
- name: cf-network-view-web-api-docker
  repository: https://cfdevregistry.azurecr.io/helm/v1/repo
  version: 1.0.27-dev
- name: cf-network-view-web-api-docker
  repository: https://cfdevregistry.azurecr.io/helm/v1/repo
  version: 1.0.27-dev
- name: cf-oauth-proxy-docker
  repository: https://cfdevregistry.azurecr.io/helm/v1/repo
  version: 1.2.1-dev
- name: cf-self-healing-api-docker
  repository: https://cfdevregistry.azurecr.io/helm/v1/repo
  version: 1.1.7-dev
- name: cf-self-healing-api-docker
  repository: https://cfdevregistry.azurecr.io/helm/v1/repo
  version: 1.1.7-dev
- name: nginx-ingress
  repository: https://kubernetes-charts.storage.googleapis.com
  version: 1.41.2
- name: mssql-linux
  repository: https://kubernetes-charts.storage.googleapis.com
  version: 0.11.1
- name: mssql-linux
  repository: https://kubernetes-charts.storage.googleapis.com
  version: 0.11.1
- name: cf-sql-server
  repository: file://../cf-sql-server
  version: 1.0.0-dev
- name: cf-sql-server
  repository: file://../cf-sql-server
  version: 1.0.0-dev
- name: cf-smoketest-svc-docker
  repository: https://cfdevregistry.azurecr.io/helm/v1/repo
  version: 1.2.0-dev
- name: cf-tls-certificate-manager-svc-docker
  repository: https://cfdevregistry.azurecr.io/helm/v1/repo
  version: 1.1.1-dev
- name: cf-assets-v2-telemetry-tracking-svc-docker
  repository: https://cfdevregistry.azurecr.io/helm/v1/repo
  version: 0.3.42-dev
- name: cf-assets-v2-telemetry-forwarding-svc-docker
  repository: https://cfdevregistry.azurecr.io/helm/v1/repo
  version: 0.2.10-dev
- name: cf-coordinate-transforms-svc-docker
  repository: https://cfdevregistry.azurecr.io/helm/v1/repo
  version: 0.0.6-dev
- name: cf-city-state-zip-svc-docker
  repository: https://cfdevregistry.azurecr.io/helm/v1/repo
  version: 1.0.5-dev
- name: cf-ecy-ingest-svc-docker
  repository: https://cfdevregistry.azurecr.io/helm/v1/repo
  version: 1.0.12-dev
digest: sha256:6c0929ce9d6434e11c0615bb2ba4b4d43eb2636fd47f6b0370ec96740c1a3f13
generated: "2020-08-03T18:20:26.738166781Z"
