dependencies:
- name: cf-react-app-docker
  repository: https://cfdevregistry.azurecr.io/helm/v1/repo
  version: 1.2.5-dev
- name: cf-self-healing-app-docker
  repository: https://cfdevregistry.azurecr.io/helm/v1/repo
  version: 1.2.0-dev
- name: cf-http-https-echo
  repository: https://cfdevregistry.azurecr.io/helm/v1/repo
  version: 1.0.13-dev
- name: cf-atrius-objects-api-docker
  repository: https://cfdevregistry.azurecr.io/helm/v1/repo
  version: 1.4.18-dev
- name: cf-atrius-objects-api-docker
  repository: https://cfdevregistry.azurecr.io/helm/v1/repo
  version: 1.4.18-dev
- name: cf-authz-web-api-docker
  repository: https://cfdevregistry.azurecr.io/helm/v1/repo
  version: 1.2.10-dev
- name: cf-elm-web-api-docker
  repository: https://cfdevregistry.azurecr.io/helm/v1/repo
  version: 2.0.48-dev
- name: cf-network-view-web-api-docker
  repository: https://cfdevregistry.azurecr.io/helm/v1/repo
  version: 1.0.25-dev
- name: cf-network-view-web-api-docker
  repository: https://cfdevregistry.azurecr.io/helm/v1/repo
  version: 1.0.25-dev
- name: cf-oauth-proxy-docker
  repository: https://cfdevregistry.azurecr.io/helm/v1/repo
  version: 1.2.1-dev
- name: cf-self-healing-api-docker
  repository: https://cfdevregistry.azurecr.io/helm/v1/repo
  version: 1.1.7-dev
- name: cf-self-healing-api-docker
  repository: https://cfdevregistry.azurecr.io/helm/v1/repo
  version: 1.1.7-dev
- name: nginx-ingress
  repository: https://kubernetes-charts.storage.googleapis.com
  version: 1.41.2
- name: mssql-linux
  repository: https://kubernetes-charts.storage.googleapis.com
  version: 0.11.1
- name: mssql-linux
  repository: https://kubernetes-charts.storage.googleapis.com
  version: 0.11.1
- name: cf-sql-server
  repository: file://../cf-sql-server
  version: 1.0.0-dev
- name: cf-sql-server
  repository: file://../cf-sql-server
  version: 1.0.0-dev
- name: cf-smoketest-svc-docker
  repository: https://cfdevregistry.azurecr.io/helm/v1/repo
  version: 1.2.0-dev
- name: cf-tls-certificate-manager-svc-docker
  repository: https://cfdevregistry.azurecr.io/helm/v1/repo
  version: 1.1.1-dev
- name: cf-assets-v2-telemetry-tracking-svc-docker
  repository: https://cfdevregistry.azurecr.io/helm/v1/repo
  version: 0.3.40-dev
- name: cf-assets-v2-telemetry-forwarding-svc-docker
  repository: https://cfdevregistry.azurecr.io/helm/v1/repo
  version: 0.2.7-dev
- name: cf-coordinate-transforms-svc-docker
  repository: https://cfdevregistry.azurecr.io/helm/v1/repo
  version: 0.0.4-dev
- name: cf-city-state-zip-svc-docker
  repository: https://cfdevregistry.azurecr.io/helm/v1/repo
  version: 1.0.3-dev
- name: cf-ecy-ingest-svc-docker
  repository: https://cfdevregistry.azurecr.io/helm/v1/repo
  version: 0.2.14-dev
digest: sha256:ce66de7c48c4d53992b5f66760a97a2f9b5ac524399adab3eb660e5a49a277bf
generated: "2020-07-28T04:48:17.397698471Z"
