dependencies:
- name: br-http-https-echo
  repository: https://brdevregistry.azurecr.io/helm/v1/repo
  version: 1.2.4-dev
- name: br-oauth-proxy-docker
  repository: https://brdevregistry.azurecr.io/helm/v1/repo
  version: 1.4.1-dev
- name: nginx-ingress
  repository: https://kubernetes-charts.storage.googleapis.com
  version: 1.41.2
- name: br-tls-certificate-manager-svc-docker
  repository: https://brdevregistry.azurecr.io/helm/v1/repo
  version: 1.3.1-dev
digest: sha256:27d92b178c4ada2f6e8df9626ed425a2c9a5997a4eee437fe419a1216a2c6b0e
generated: "2020-12-15T07:15:02.261768118Z"
