dependencies:
- name: br-http-https-echo
  repository: https://brdevregistry.azurecr.io/helm/v1/repo
  version: 1.2.7-dev.private
- name: br-oauth-proxy-docker
  repository: https://brdevregistry.azurecr.io/helm/v1/repo
  version: 1.4.2-dev
- name: nginx-ingress
  repository: https://charts.helm.sh/stable
  version: 1.41.2
- name: br-tls-certificate-manager-svc-docker
  repository: https://brdevregistry.azurecr.io/helm/v1/repo
  version: 1.3.2-dev
- name: platform-api-addressvalidation-svc
  repository: https://brdevregistry.azurecr.io/helm/v1/repo
  version: 0.3.0-dev
- name: br-eclypse-relay-api
  repository: https://brdevregistry.azurecr.io/helm/v1/repo
  version: 0.0.20-dev
digest: sha256:926ee00085788c20742a03e46233c3d0f2c4ce4f3b37abb1f0ebd92c9ca471c9
generated: "2021-02-17T21:11:07.155002695Z"
